github.com/MarkMandriota/BlackPhoenixBot v0.0.0-20210209095310-aa2ec06bc33c h1:zn+nAY9q3uGuW7A6wpR+oRNbesT78O3EcQpz9KP09gE=
github.com/MarkMandriota/BlackPhoenixBot v0.0.0-20210209095310-aa2ec06bc33c/go.mod h1:PyPZd7eaH13MnxCTMTyz2Kf8zL0WV7QQ1rzjiqQq9es=
github.com/MarkMandriota/BlackPhoenixBot/cmds v0.0.0-20210209095310-aa2ec06bc33c h1:e/n4fK64KtObOsuvbj2brFhI+mYpyNGQz821P8OzijQ=
github.com/MarkMandriota/BlackPhoenixBot/cmds v0.0.0-20210209095310-aa2ec06bc33c/go.mod h1:mjK7IJKhYsCvWxvBG2yA5nP7lQATd30PzSF11/h9rxU=
github.com/bwmarrin/discordgo v0.23.2 h1:BzrtTktixGHIu9Tt7dEE6diysEF9HWnXeHuoJEt2fH4=
github.com/bwmarrin/discordgo v0.23.2/go.mod h1:c1WtWUGN6nREDmzIpyTp/iD3VYt4Fpx+bVyfBG7JE+M=
github.com/gorilla/websocket v1.4.0 h1:WDFjx/TMzVgy9VdMMQi2K2Emtwi2QcUQsztZ/zLaH/Q=
github.com/gorilla/websocket v1.4.0/go.mod h1:E7qHFY5m1UJ88s3WnNqhKjPHQ0heANvMoAMk2YaljkQ=
golang.org/x/crypto v0.0.0-20181030102418-4d3f4d9ffa16 h1:y6ce7gCWtnH+m3dCjzQ1PCuwl28DDIc3VNnvY29DlIA=
golang.org/x/crypto v0.0.0-20181030102418-4d3f4d9ffa16/go.mod h1:6SG95UA2DQfeDnfUPMdvaQW0Q7yPrPDi9nlGo2tz2b4=
